
Microsoft Visual Studio Solution File, Format Version 12.00
# Visual Studio Version 17
VisualStudioVersion = 17.1.32407.343
MinimumVisualStudioVersion = 10.0.40219.1
Project("{FAE04EC0-301F-11D3-BF4B-00C04F79EFBC}") = "DiskFill", "DiskFill.csproj", "{B8B5E683-D41E-49E6-8EB7-C707A8BD37D5}"
EndProject
Global
	GlobalSection(SolutionConfigurationPlatforms) = preSolution
		Debug|Any CPU = Debug|Any CPU
		Release|Any CPU = Release|Any CPU
	EndGlobalSection
	GlobalSection(ProjectConfigurationPlatforms) = postSolution
		{B8B5E683-D41E-49E6-8EB7-C707A8BD37D5}.Debug|Any CPU.ActiveCfg = Debug|Any CPU
		{B8B5E683-D41E-49E6-8EB7-C707A8BD37D5}.Debug|Any CPU.Build.0 = Debug|Any CPU
		{B8B5E683-D41E-49E6-8EB7-C707A8BD37D5}.Release|Any CPU.ActiveCfg = Release|Any CPU
		{B8B5E683-D41E-49E6-8EB7-C707A8BD37D5}.Release|Any CPU.Build.0 = Release|Any CPU
	EndGlobalSection
	GlobalSection(SolutionProperties) = preSolution
		HideSolutionNode = FALSE
	EndGlobalSection
	GlobalSection(ExtensibilityGlobals) = postSolution
		SolutionGuid = {C67BBC30-7A87-4209-8990-2226556DE6E1}
	EndGlobalSection
EndGlobal
